{
  "name": "gitignore",
  "version": "0.5.0",
  "lockfileVersion": 1,
  "requires": true,
  "dependencies": {
    "p-each-series": {
      "version": "2.1.0",
      "resolved": "https://registry.npmjs.org/p-each-series/-/p-each-series-2.1.0.tgz",
      "integrity": "sha512-ZuRs1miPT4HrjFa+9fRfOFXxGJfORgelKV9f9nNOWw2gl6gVsRaVDOQP0+MI0G0wGKns1Yacsu0GjOFbTK0JFQ=="
    }
  }
}
